
Microsoft Visual Studio Solution File, Format Version 12.00
# Visual Studio Version 17
VisualStudioVersion = 17.1.32421.90
MinimumVisualStudioVersion = 10.0.40219.1
Project("{2150E333-8FDC-42A3-9474-1A3956D46DE8}") = "Data", "Data", "{8E66B829-8CB6-4505-8A8D-884E4DB65C89}"
EndProject
Project("{2150E333-8FDC-42A3-9474-1A3956D46DE8}") = "Web", "Web", "{68840D6A-E447-4E8A-971B-6847109ACC13}"
EndProject
Project("{9A19103F-16F7-4668-BE54-9A1E7A4F7556}") = "E-SportManager.Data", "Data\E-SportManager.Data\E-SportManager.Data\E-SportManager.Data.csproj", "{C30C4952-808D-4F25-97D3-2D20F3533D31}"
EndProject
Project("{9A19103F-16F7-4668-BE54-9A1E7A4F7556}") = "E-SportManager.Data.Models", "Data\E-SportManager.Data.Models\E-SportManager.Data.Models.csproj", "{8673A339-56C4-4EE5-AB37-624ADC7ECFBA}"
EndProject
Project("{9A19103F-16F7-4668-BE54-9A1E7A4F7556}") = "E-SportManager.Web", "E-SportManager.Web\E-SportManager.Web.csproj", "{13E955D5-402A-4522-8EF7-8DD267FBC671}"
EndProject
Project("{2150E333-8FDC-42A3-9474-1A3956D46DE8}") = "Solution Items", "Solution Items", "{6DBED962-56AB-4F50-8512-2DD3B314B84C}"
	ProjectSection(SolutionItems) = preProject
		.editorconfig = .editorconfig
	EndProjectSection
EndProject
Global
	GlobalSection(SolutionConfigurationPlatforms) = preSolution
		Debug|Any CPU = Debug|Any CPU
		Release|Any CPU = Release|Any CPU
	EndGlobalSection
	GlobalSection(ProjectConfigurationPlatforms) = postSolution
		{C30C4952-808D-4F25-97D3-2D20F3533D31}.Debug|Any CPU.ActiveCfg = Debug|Any CPU
		{C30C4952-808D-4F25-97D3-2D20F3533D31}.Debug|Any CPU.Build.0 = Debug|Any CPU
		{C30C4952-808D-4F25-97D3-2D20F3533D31}.Release|Any CPU.ActiveCfg = Release|Any CPU
		{C30C4952-808D-4F25-97D3-2D20F3533D31}.Release|Any CPU.Build.0 = Release|Any CPU
		{8673A339-56C4-4EE5-AB37-624ADC7ECFBA}.Debug|Any CPU.ActiveCfg = Debug|Any CPU
		{8673A339-56C4-4EE5-AB37-624ADC7ECFBA}.Debug|Any CPU.Build.0 = Debug|Any CPU
		{8673A339-56C4-4EE5-AB37-624ADC7ECFBA}.Release|Any CPU.ActiveCfg = Release|Any CPU
		{8673A339-56C4-4EE5-AB37-624ADC7ECFBA}.Release|Any CPU.Build.0 = Release|Any CPU
		{13E955D5-402A-4522-8EF7-8DD267FBC671}.Debug|Any CPU.ActiveCfg = Debug|Any CPU
		{13E955D5-402A-4522-8EF7-8DD267FBC671}.Debug|Any CPU.Build.0 = Debug|Any CPU
		{13E955D5-402A-4522-8EF7-8DD267FBC671}.Release|Any CPU.ActiveCfg = Release|Any CPU
		{13E955D5-402A-4522-8EF7-8DD267FBC671}.Release|Any CPU.Build.0 = Release|Any CPU
	EndGlobalSection
	GlobalSection(SolutionProperties) = preSolution
		HideSolutionNode = FALSE
	EndGlobalSection
	GlobalSection(NestedProjects) = preSolution
		{C30C4952-808D-4F25-97D3-2D20F3533D31} = {8E66B829-8CB6-4505-8A8D-884E4DB65C89}
		{8673A339-56C4-4EE5-AB37-624ADC7ECFBA} = {8E66B829-8CB6-4505-8A8D-884E4DB65C89}
		{13E955D5-402A-4522-8EF7-8DD267FBC671} = {68840D6A-E447-4E8A-971B-6847109ACC13}
	EndGlobalSection
	GlobalSection(ExtensibilityGlobals) = postSolution
		SolutionGuid = {69B44176-337B-409D-8729-A8F57379545B}
	EndGlobalSection
EndGlobal
